# THIS IS AN AUTOGENERATED FILE. DO NOT EDIT THIS FILE DIRECTLY.
# yarn lockfile v1


base64-utf8@^0.1.8:
  version "0.1.8"
  resolved "https://registry.yarnpkg.com/base64-utf8/-/base64-utf8-0.1.8.tgz#ba03c8ab595468fac7dea70b810b8ee6c0d9a391"
  integrity sha512-g7YaVcV9J+17ExiNKTcK52jqbV5OsFsnK+uof1+1N5XrvwN3xP7U/WsJMkFyTTts+3QRrZygOaC095LkTVcCyA==

miniprogram-api-promise@^1.0.4:
  version "1.0.4"
  resolved "https://registry.yarnpkg.com/miniprogram-api-promise/-/miniprogram-api-promise-1.0.4.tgz#fefe9b72923fd31f88b12463b502cb457c892b4c"
  integrity sha512-lS2ukj03Ugy8IJUDmdssklLT4kjzyRtVYwErhyDZkzxtqcxaed2xldRgNrsikigeMUBR9gAs7wgnjSKPlyKIYg==

wux-weapp@^3.8.7:
  version "3.8.7"
  resolved "https://registry.yarnpkg.com/wux-weapp/-/wux-weapp-3.8.7.tgz#45516b24184d04ee9df33b71afc14fb48262a50c"
  integrity sha512-xr1btS8Yxnk+JB8r+RPsFoGEZ0NyR4VinemXQmJXGlG+IvB0jppABfWO4WyTl0S8G4kbZIcYTrTonZDFRnMtbw==
